lockfileVersion: '9.0'

settings:
  autoInstallPeers: true
  excludeLinksFromLockfile: false

importers:

  .:
    devDependencies:
      '@prettier/plugin-xml':
        specifier: 3.4.1
        version: 3.4.1(prettier@3.5.3)
      lefthook:
        specifier: 2.0.2
        version: 2.0.2
      prettier:
        specifier: 3.5.3
        version: 3.5.3
      prettier-plugin-go-template:
        specifier: 0.0.15
        version: 0.0.15(prettier@3.5.3)

packages:

  '@prettier/plugin-xml@3.4.1':
    resolution: {integrity: sha512-Uf/6/+9ez6z/IvZErgobZ2G9n1ybxF5BhCd7eMcKqfoWuOzzNUxBipNo3QAP8kRC1VD18TIo84no7LhqtyDcTg==}
    peerDependencies:
      prettier: ^3.0.0

  '@xml-tools/parser@1.0.11':
    resolution: {integrity: sha512-aKqQ077XnR+oQtHJlrAflaZaL7qZsulWc/i/ZEooar5JiWj1eLt0+Wg28cpa+XLney107wXqneC+oG1IZvxkTA==}

  chevrotain@7.1.1:
    resolution: {integrity: sha512-wy3mC1x4ye+O+QkEinVJkPf5u2vsrDIYW9G7ZuwFl6v/Yu0LwUuT2POsb+NUWApebyxfkQq6+yDfRExbnI5rcw==}

  lefthook-darwin-arm64@2.0.2:
    resolution: {integrity: sha512-x/4AOinpMS2abZyA/krDd50cRPZit/6P670Z1mJjfS0+fPZkFw7AXpjxroiN0rgglg78vD7BwcA5331z4YZa5g==}
    cpu: [arm64]
    os: [darwin]

  lefthook-darwin-x64@2.0.2:
    resolution: {integrity: sha512-MSb8XZBfmlNvCpuLiQqrJS+sPiSEAyuoHOMZOHjlceYqO0leVVw9YfePVcb4Vi/PqOYngTdJk83MmYvqhsSNTQ==}
    cpu: [x64]
    os: [darwin]

  lefthook-freebsd-arm64@2.0.2:
    resolution: {integrity: sha512-gewPsUPc3J/n2/RrhHLS9jtL3qK4HcTED25vfExhvFRW3eT1SDYaBbXnUUmB8SE0zE8Bl6AfEdT2zzZcPbOFuA==}
    cpu: [arm64]
    os: [freebsd]

  lefthook-freebsd-x64@2.0.2:
    resolution: {integrity: sha512-fsLlaChiKAWiSavQO2LXPR8Z9OcBnyMDvmkIlXC0lG3SjBb9xbVdBdDVlcrsUyDCs5YstmGYHuzw6DfJYpAE1g==}
    cpu: [x64]
    os: [freebsd]

  lefthook-linux-arm64@2.0.2:
    resolution: {integrity: sha512-vNl3HiZud9T2nGHMngvLw3hSJgutjlN/Lzf5/5jKt/2IIuyd9L3UYktWC9HLUb03Zukr7jeaxG3+VxdAohQwAw==}
    cpu: [arm64]
    os: [linux]

  lefthook-linux-x64@2.0.2:
    resolution: {integrity: sha512-0ghHMPu4fixIieS8V2k2yZHvcFd9pP0q+sIAIaWo8x7ce/AOQIXFCPHGPAOc8/wi5uVtfyEvCnhxIDKf+lHA2A==}
    cpu: [x64]
    os: [linux]

  lefthook-openbsd-arm64@2.0.2:
    resolution: {integrity: sha512-qfXnDM8jffut9rylvi3T+HOqlNRkFYqIDUXeVXlY7dmwCW4u2K46p0W4M3BmAVUeL/MRxBRnjze//Yy6aCbGQw==}
    cpu: [arm64]
    os: [openbsd]

  lefthook-openbsd-x64@2.0.2:
    resolution: {integrity: sha512-RXqR0FiDTwsQv1X3QVsuBFneWeNXS+tmPFIX8F6Wz9yDPHF8+vBnkWCju6HdkTVTY71Ba5HbYGKEVDvscJkU7Q==}
    cpu: [x64]
    os: [openbsd]

  lefthook-windows-arm64@2.0.2:
    resolution: {integrity: sha512-KfLKhiUPHP9Aea+9D7or2hgL9wtKEV+GHpx7LBg82ZhCXkAml6rop7mWsBgL80xPYLqMahKolZGO+8z5H6W4HQ==}
    cpu: [arm64]
    os: [win32]

  lefthook-windows-x64@2.0.2:
    resolution: {integrity: sha512-TdysWxGRNtuRg5bN6Uj00tZJIsHTrF/7FavoR5rp1sq21QJhJi36M4I3UVlmOKAUCKhibAIAauZWmX7yaW3eHA==}
    cpu: [x64]
    os: [win32]

  lefthook@2.0.2:
    resolution: {integrity: sha512-2lrSva53G604ZWjK5kHYvDdwb5GzbhciIPWhebv0A8ceveqSsnG2JgVEt+DnhOPZ4VfNcXvt3/ohFBPNpuAlVw==}
    hasBin: true

  prettier-plugin-go-template@0.0.15:
    resolution: {integrity: sha512-WqU92E1NokWYNZ9mLE6ijoRg6LtIGdLMePt2C7UBDjXeDH9okcRI3zRqtnWR4s5AloiqyvZ66jNBAa9tmRY5EQ==}
    engines: {node: '>=14.0.0'}
    peerDependencies:
      prettier: ^3.0.0

  prettier@3.5.3:
    resolution: {integrity: sha512-QQtaxnoDJeAkDvDKWCLiwIXkTgRhwYDEQCghU9Z6q03iyek/rxRh/2lC3HB7P8sWT2xC/y5JDctPLBIGzHKbhw==}
    engines: {node: '>=14'}
    hasBin: true

  regexp-to-ast@0.5.0:
    resolution: {integrity: sha512-tlbJqcMHnPKI9zSrystikWKwHkBqu2a/Sgw01h3zFjvYrMxEDYHzzoMZnUrbIfpTFEsoRnnviOXNCzFiSc54Qw==}

  ulid@2.4.0:
    resolution: {integrity: sha512-fIRiVTJNcSRmXKPZtGzFQv9WRrZ3M9eoptl/teFJvjOzmpU+/K/JH6HZ8deBfb5vMEpicJcLn7JmvdknlMq7Zg==}
    hasBin: true

snapshots:

  '@prettier/plugin-xml@3.4.1(prettier@3.5.3)':
    dependencies:
      '@xml-tools/parser': 1.0.11
      prettier: 3.5.3

  '@xml-tools/parser@1.0.11':
    dependencies:
      chevrotain: 7.1.1

  chevrotain@7.1.1:
    dependencies:
      regexp-to-ast: 0.5.0

  lefthook-darwin-arm64@2.0.2:
    optional: true

  lefthook-darwin-x64@2.0.2:
    optional: true

  lefthook-freebsd-arm64@2.0.2:
    optional: true

  lefthook-freebsd-x64@2.0.2:
    optional: true

  lefthook-linux-arm64@2.0.2:
    optional: true

  lefthook-linux-x64@2.0.2:
    optional: true

  lefthook-openbsd-arm64@2.0.2:
    optional: true

  lefthook-openbsd-x64@2.0.2:
    optional: true

  lefthook-windows-arm64@2.0.2:
    optional: true

  lefthook-windows-x64@2.0.2:
    optional: true

  lefthook@2.0.2:
    optionalDependencies:
      lefthook-darwin-arm64: 2.0.2
      lefthook-darwin-x64: 2.0.2
      lefthook-freebsd-arm64: 2.0.2
      lefthook-freebsd-x64: 2.0.2
      lefthook-linux-arm64: 2.0.2
      lefthook-linux-x64: 2.0.2
      lefthook-openbsd-arm64: 2.0.2
      lefthook-openbsd-x64: 2.0.2
      lefthook-windows-arm64: 2.0.2
      lefthook-windows-x64: 2.0.2

  prettier-plugin-go-template@0.0.15(prettier@3.5.3):
    dependencies:
      prettier: 3.5.3
      ulid: 2.4.0

  prettier@3.5.3: {}

  regexp-to-ast@0.5.0: {}

  ulid@2.4.0: {}
